
Microsoft Visual Studio Solution File, Format Version 12.00
# Visual Studio Version 17
VisualStudioVersion = 17.9.34728.123
MinimumVisualStudioVersion = 10.0.40219.1
Project("{FAE04EC0-301F-11D3-BF4B-00C04F79EFBC}") = "Kassasystem", "Kassasystem.csproj", "{35DCDB9C-FD10-4A88-B945-984300711E5D}"
EndProject
Global
	GlobalSection(SolutionConfigurationPlatforms) = preSolution
		Debug|Any CPU = Debug|Any CPU
		Release|Any CPU = Release|Any CPU
	EndGlobalSection
	GlobalSection(ProjectConfigurationPlatforms) = postSolution
		{35DCDB9C-FD10-4A88-B945-984300711E5D}.Debug|Any CPU.ActiveCfg = Debug|Any CPU
		{35DCDB9C-FD10-4A88-B945-984300711E5D}.Debug|Any CPU.Build.0 = Debug|Any CPU
		{35DCDB9C-FD10-4A88-B945-984300711E5D}.Release|Any CPU.ActiveCfg = Release|Any CPU
		{35DCDB9C-FD10-4A88-B945-984300711E5D}.Release|Any CPU.Build.0 = Release|Any CPU
	EndGlobalSection
	GlobalSection(SolutionProperties) = preSolution
		HideSolutionNode = FALSE
	EndGlobalSection
	GlobalSection(ExtensibilityGlobals) = postSolution
		SolutionGuid = {8FB8DB90-FABF-4AEF-B1C3-D54171B27712}
	EndGlobalSection
EndGlobal
